// !$*UTF8*$!
{
	archiveVersion = 1;
	classes = {
	};
	objectVersion = 56;
	objects = {

/* Begin PBXBuildFile section */
		B40127D32BFE7864009C4F5E /* RealityKitContent in Frameworks */ = {isa = PBXBuildFile; productRef = B40127D22BFE7864009C4F5E /* RealityKitContent */; };
		B40127D52BFE7864009C4F5E /* VisionOSPlaygroundApp.swift in Sources */ = {isa = PBXBuildFile; fileRef = B40127D42BFE7864009C4F5E /* VisionOSPlaygroundApp.swift */; };
		B40127D72BFE7864009C4F5E /* ContentView.swift in Sources */ = {isa = PBXBuildFile; fileRef = B40127D62BFE7864009C4F5E /* ContentView.swift */; };
		B40127D92BFE7864009C4F5E /* ImmersiveView.swift in Sources */ = {isa = PBXBuildFile; fileRef = B40127D82BFE7864009C4F5E /* ImmersiveView.swift */; };
		B40127DB2BFE7865009C4F5E /* Assets.xcassets in Resources */ = {isa = PBXBuildFile; fileRef = B40127DA2BFE7865009C4F5E /* Assets.xcassets */; };
		B40127DE2BFE7865009C4F5E /* Preview Assets.xcassets in Resources */ = {isa = PBXBuildFile; fileRef = B40127DD2BFE7865009C4F5E /* Preview Assets.xcassets */; };
		B40127E92BFE7865009C4F5E /* VisionOSPlaygroundTests.swift in Sources */ = {isa = PBXBuildFile; fileRef = B40127E82BFE7865009C4F5E /* VisionOSPlaygroundTests.swift */; };
/* End PBXBuildFile section */

/* Begin PBXContainerItemProxy section */
		B40127E52BFE7865009C4F5E /* PBXContainerItemProxy */ = {
			isa = PBXContainerItemProxy;
			containerPortal = B40127C52BFE7864009C4F5E /* Project object */;
			proxyType = 1;
			remoteGlobalIDString = B40127CC2BFE7864009C4F5E;
			remoteInfo = VisionOSPlayground;
		};
/* End PBXContainerItemProxy section */

/* Begin PBXFileReference section */
		B40127CD2BFE7864009C4F5E /* VisionOSPlayground.app */ = {isa = PBXFileReference; explicitFileType = wrapper.application; includeInIndex = 0; path = VisionOSPlayground.app; sourceTree = BUILT_PRODUCTS_DIR; };
		B40127D12BFE7864009C4F5E /* RealityKitContent */ = {isa = PBXFileReference; lastKnownFileType = wrapper; path = RealityKitContent; sourceTree = "<group>"; };
		B40127D42BFE7864009C4F5E /* VisionOSPlaygroundApp.swift */ = {isa = PBXFileReference; lastKnownFileType = sourcecode.swift; path = VisionOSPlaygroundApp.swift; sourceTree = "<group>"; };
		B40127D62BFE7864009C4F5E /* ContentView.swift */ = {isa = PBXFileReference; lastKnownFileType = sourcecode.swift; path = ContentView.swift; sourceTree = "<group>"; };
		B40127D82BFE7864009C4F5E /* ImmersiveView.swift */ = {isa = PBXFileReference; lastKnownFileType = sourcecode.swift; path = ImmersiveView.swift; sourceTree = "<group>"; };
		B40127DA2BFE7865009C4F5E /* Assets.xcassets */ = {isa = PBXFileReference; lastKnownFileType = folder.assetcatalog; path = Assets.xcassets; sourceTree = "<group>"; };
		B40127DD2BFE7865009C4F5E /* Preview Assets.xcassets */ = {isa = PBXFileReference; lastKnownFileType = folder.assetcatalog; path = "Preview Assets.xcassets"; sourceTree = "<group>"; };
		B40127DF2BFE7865009C4F5E /* Info.plist */ = {isa = PBXFileReference; lastKnownFileType = text.plist.xml; path = Info.plist; sourceTree = "<group>"; };
		B40127E42BFE7865009C4F5E /* VisionOSPlaygroundTests.xctest */ = {isa = PBXFileReference; explicitFileType = wrapper.cfbundle; includeInIndex = 0; path = VisionOSPlaygroundTests.xctest; sourceTree = BUILT_PRODUCTS_DIR; };
		B40127E82BFE7865009C4F5E /* VisionOSPlaygroundTests.swift */ = {isa = PBXFileReference; lastKnownFileType = sourcecode.swift; path = VisionOSPlaygroundTests.swift; sourceTree = "<group>"; };
/* End PBXFileReference section */

/* Begin PBXFrameworksBuildPhase section */
		B40127CA2BFE7864009C4F5E /* Frameworks */ = {
			isa = PBXFrameworksBuildPhase;
			buildActionMask = 2147483647;
			files = (
				B40127D32BFE7864009C4F5E /* RealityKitContent in Frameworks */,
			);
			runOnlyForDeploymentPostprocessing = 0;
		};
		B40127E12BFE7865009C4F5E /* Frameworks */ = {
			isa = PBXFrameworksBuildPhase;
			buildActionMask = 2147483647;
			files = (
			);
			runOnlyForDeploymentPostprocessing = 0;
		};
/* End PBXFrameworksBuildPhase section */

/* Begin PBXGroup section */
		B40127C42BFE7863009C4F5E = {
			isa = PBXGroup;
			children = (
				B40127CF2BFE7864009C4F5E /* VisionOSPlayground */,
				B40127D02BFE7864009C4F5E /* Packages */,
				B40127E72BFE7865009C4F5E /* VisionOSPlaygroundTests */,
				B40127CE2BFE7864009C4F5E /* Products */,
			);
			sourceTree = "<group>";
		};
		B40127CE2BFE7864009C4F5E /* Products */ = {
			isa = PBXGroup;
			children = (
				B40127CD2BFE7864009C4F5E /* VisionOSPlayground.app */,
				B40127E42BFE7865009C4F5E /* VisionOSPlaygroundTests.xctest */,
			);
			name = Products;
			sourceTree = "<group>";
		};
		B40127CF2BFE7864009C4F5E /* VisionOSPlayground */ = {
			isa = PBXGroup;
			children = (
				B40127D42BFE7864009C4F5E /* VisionOSPlaygroundApp.swift */,
				B40127D62BFE7864009C4F5E /* ContentView.swift */,
				B40127D82BFE7864009C4F5E /* ImmersiveView.swift */,
				B40127DA2BFE7865009C4F5E /* Assets.xcassets */,
				B40127DF2BFE7865009C4F5E /* Info.plist */,
				B40127DC2BFE7865009C4F5E /* Preview Content */,
			);
			path = VisionOSPlayground;
			sourceTree = "<group>";
		};
		B40127D02BFE7864009C4F5E /* Packages */ = {
			isa = PBXGroup;
			children = (
				B40127D12BFE7864009C4F5E /* RealityKitContent */,
			);
			path = Packages;
			sourceTree = "<group>";
		};
		B40127DC2BFE7865009C4F5E /* Preview Content */ = {
			isa = PBXGroup;
			children = (
				B40127DD2BFE7865009C4F5E /* Preview Assets.xcassets */,
			);
			path = "Preview Content";
			sourceTree = "<group>";
		};
		B40127E72BFE7865009C4F5E /* VisionOSPlaygroundTests */ = {
			isa = PBXGroup;
			children = (
				B40127E82BFE7865009C4F5E /* VisionOSPlaygroundTests.swift */,
			);
			path = VisionOSPlaygroundTests;
			sourceTree = "<group>";
		};
/* End PBXGroup section */

/* Begin PBXNativeTarget section */
		B40127CC2BFE7864009C4F5E /* VisionOSPlayground */ = {
			isa = PBXNativeTarget;
			buildConfigurationList = B40127EC2BFE7865009C4F5E /* Build configuration list for PBXNativeTarget "VisionOSPlayground" */;
			buildPhases = (
				B40127C92BFE7864009C4F5E /* Sources */,
				B40127CA2BFE7864009C4F5E /* Frameworks */,
				B40127CB2BFE7864009C4F5E /* Resources */,
			);
			buildRules = (
			);
			dependencies = (
			);
			name = VisionOSPlayground;
			packageProductDependencies = (
				B40127D22BFE7864009C4F5E /* RealityKitContent */,
			);
			productName = VisionOSPlayground;
			productReference = B40127CD2BFE7864009C4F5E /* VisionOSPlayground.app */;
			productType = "com.apple.product-type.application";
		};
		B40127E32BFE7865009C4F5E /* VisionOSPlaygroundTests */ = {
			isa = PBXNativeTarget;
			buildConfigurationList = B40127EF2BFE7865009C4F5E /* Build configuration list for PBXNativeTarget "VisionOSPlaygroundTests" */;
			buildPhases = (
				B40127E02BFE7865009C4F5E /* Sources */,
				B40127E12BFE7865009C4F5E /* Frameworks */,
				B40127E22BFE7865009C4F5E /* Resources */,
			);
			buildRules = (
			);
			dependencies = (
				B40127E62BFE7865009C4F5E /* PBXTargetDependency */,
			);
			name = VisionOSPlaygroundTests;
			productName = VisionOSPlaygroundTests;
			productReference = B40127E42BFE7865009C4F5E /* VisionOSPlaygroundTests.xctest */;
			productType = "com.apple.product-type.bundle.unit-test";
		};
/* End PBXNativeTarget section */

/* Begin PBXProject section */
		B40127C52BFE7864009C4F5E /* Project object */ = {
			isa = PBXProject;
			attributes = {
				BuildIndependentTargetsInParallel = 1;
				LastSwiftUpdateCheck = 1540;
				LastUpgradeCheck = 1540;
				TargetAttributes = {
					B40127CC2BFE7864009C4F5E = {
						CreatedOnToolsVersion = 15.4;
					};
					B40127E32BFE7865009C4F5E = {
						CreatedOnToolsVersion = 15.4;
						TestTargetID = B40127CC2BFE7864009C4F5E;
					};
				};
			};
			buildConfigurationList = B40127C82BFE7864009C4F5E /* Build configuration list for PBXProject "VisionOSPlayground" */;
			compatibilityVersion = "Xcode 14.0";
			developmentRegion = en;
			hasScannedForEncodings = 0;
			knownRegions = (
				en,
				Base,
			);
			mainGroup = B40127C42BFE7863009C4F5E;
			productRefGroup = B40127CE2BFE7864009C4F5E /* Products */;
			projectDirPath = "";
			projectRoot = "";
			targets = (
				B40127CC2BFE7864009C4F5E /* VisionOSPlayground */,
				B40127E32BFE7865009C4F5E /* VisionOSPlaygroundTests */,
			);
		};
/* End PBXProject section */

/* Begin PBXResourcesBuildPhase section */
		B40127CB2BFE7864009C4F5E /* Resources */ = {
			isa = PBXResourcesBuildPhase;
			buildActionMask = 2147483647;
			files = (
				B40127DE2BFE7865009C4F5E /* Preview Assets.xcassets in Resources */,
				B40127DB2BFE7865009C4F5E /* Assets.xcassets in Resources */,
			);
			runOnlyForDeploymentPostprocessing = 0;
		};
		B40127E22BFE7865009C4F5E /* Resources */ = {
			isa = PBXResourcesBuildPhase;
			buildActionMask = 2147483647;
			files = (
			);
			runOnlyForDeploymentPostprocessing = 0;
		};
/* End PBXResourcesBuildPhase section */

/* Begin PBXSourcesBuildPhase section */
		B40127C92BFE7864009C4F5E /* Sources */ = {
			isa = PBXSourcesBuildPhase;
			buildActionMask = 2147483647;
			files = (
				B40127D72BFE7864009C4F5E /* ContentView.swift in Sources */,
				B40127D52BFE7864009C4F5E /* VisionOSPlaygroundApp.swift in Sources */,
				B40127D92BFE7864009C4F5E /* ImmersiveView.swift in Sources */,
			);
			runOnlyForDeploymentPostprocessing = 0;
		};
		B40127E02BFE7865009C4F5E /* Sources */ = {
			isa = PBXSourcesBuildPhase;
			buildActionMask = 2147483647;
			files = (
				B40127E92BFE7865009C4F5E /* VisionOSPlaygroundTests.swift in Sources */,
			);
			runOnlyForDeploymentPostprocessing = 0;
		};
/* End PBXSourcesBuildPhase section */

/* Begin PBXTargetDependency section */
		B40127E62BFE7865009C4F5E /* PBXTargetDependency */ = {
			isa = PBXTargetDependency;
			target = B40127CC2BFE7864009C4F5E /* VisionOSPlayground */;
			targetProxy = B40127E52BFE7865009C4F5E /* PBXContainerItemProxy */;
		};
/* End PBXTargetDependency section */

/* Begin XCBuildConfiguration section */
		B40127EA2BFE7865009C4F5E /* Debug */ = {
			isa = XCBuildConfiguration;
			buildSettings = {
				ALWAYS_SEARCH_USER_PATHS = NO;
				ASSETCATALOG_COMPILER_GENERATE_SWIFT_ASSET_SYMBOL_EXTENSIONS = YES;
				CLANG_ANALYZER_NONNULL = YES;
				CLANG_ANALYZER_NUMBER_OBJECT_CONVERSION = YES_AGGRESSIVE;
				CLANG_CXX_LANGUAGE_STANDARD = "gnu++20";
				CLANG_ENABLE_MODULES = YES;
				CLANG_ENABLE_OBJC_ARC = YES;
				CLANG_ENABLE_OBJC_WEAK = YES;
				CLANG_WARN_BLOCK_CAPTURE_AUTORELEASING = YES;
				CLANG_WARN_BOOL_CONVERSION = YES;
				CLANG_WARN_COMMA = YES;
				CLANG_WARN_CONSTANT_CONVERSION = YES;
				CLANG_WARN_DEPRECATED_OBJC_IMPLEMENTATIONS = YES;
				CLANG_WARN_DIRECT_OBJC_ISA_USAGE = YES_ERROR;
				CLANG_WARN_DOCUMENTATION_COMMENTS = YES;
				CLANG_WARN_EMPTY_BODY = YES;
				CLANG_WARN_ENUM_CONVERSION = YES;
				CLANG_WARN_INFINITE_RECURSION = YES;
				CLANG_WARN_INT_CONVERSION = YES;
				CLANG_WARN_NON_LITERAL_NULL_CONVERSION = YES;
				CLANG_WARN_OBJC_IMPLICIT_RETAIN_SELF = YES;
				CLANG_WARN_OBJC_LITERAL_CONVERSION = YES;
				CLANG_WARN_OBJC_ROOT_CLASS = YES_ERROR;
				CLANG_WARN_QUOTED_INCLUDE_IN_FRAMEWORK_HEADER = YES;
				CLANG_WARN_RANGE_LOOP_ANALYSIS = YES;
				CLANG_WARN_STRICT_PROTOTYPES = YES;
				CLANG_WARN_SUSPICIOUS_MOVE = YES;
				CLANG_WARN_UNGUARDED_AVAILABILITY = YES_AGGRESSIVE;
				CLANG_WARN_UNREACHABLE_CODE = YES;
				CLANG_WARN__DUPLICATE_METHOD_MATCH = YES;
				COPY_PHASE_STRIP = NO;
				DEBUG_INFORMATION_FORMAT = dwarf;
				ENABLE_STRICT_OBJC_MSGSEND = YES;
				ENABLE_TESTABILITY = YES;
				ENABLE_USER_SCRIPT_SANDBOXING = YES;
				GCC_C_LANGUAGE_STANDARD = gnu17;
				GCC_DYNAMIC_NO_PIC = NO;
				GCC_NO_COMMON_BLOCKS = YES;
				GCC_OPTIMIZATION_LEVEL = 0;
				GCC_PREPROCESSOR_DEFINITIONS = (
					"DEBUG=1",
					"$(inherited)",
				);
				GCC_WARN_64_TO_32_BIT_CONVERSION = YES;
				GCC_WARN_ABOUT_RETURN_TYPE = YES_ERROR;
				GCC_WARN_UNDECLARED_SELECTOR = YES;
				GCC_WARN_UNINITIALIZED_AUTOS = YES_AGGRESSIVE;
				GCC_WARN_UNUSED_FUNCTION = YES;
				GCC_WARN_UNUSED_VARIABLE = YES;
				LOCALIZATION_PREFERS_STRING_CATALOGS = YES;
				MTL_ENABLE_DEBUG_INFO = INCLUDE_SOURCE;
				MTL_FAST_MATH = YES;
				ONLY_ACTIVE_ARCH = YES;
				SDKROOT = xros;
				SWIFT_ACTIVE_COMPILATION_CONDITIONS = "DEBUG $(inherited)";
				SWIFT_OPTIMIZATION_LEVEL = "-Onone";
				XROS_DEPLOYMENT_TARGET = 1.2;
			};
			name = Debug;
		};
		B40127EB2BFE7865009C4F5E /* Release */ = {
			isa = XCBuildConfiguration;
			buildSettings = {
				ALWAYS_SEARCH_USER_PATHS = NO;
				ASSETCATALOG_COMPILER_GENERATE_SWIFT_ASSET_SYMBOL_EXTENSIONS = YES;
				CLANG_ANALYZER_NONNULL = YES;
				CLANG_ANALYZER_NUMBER_OBJECT_CONVERSION = YES_AGGRESSIVE;
				CLANG_CXX_LANGUAGE_STANDARD = "gnu++20";
				CLANG_ENABLE_MODULES = YES;
				CLANG_ENABLE_OBJC_ARC = YES;
				CLANG_ENABLE_OBJC_WEAK = YES;
				CLANG_WARN_BLOCK_CAPTURE_AUTORELEASING = YES;
				CLANG_WARN_BOOL_CONVERSION = YES;
				CLANG_WARN_COMMA = YES;
				CLANG_WARN_CONSTANT_CONVERSION = YES;
				CLANG_WARN_DEPRECATED_OBJC_IMPLEMENTATIONS = YES;
				CLANG_WARN_DIRECT_OBJC_ISA_USAGE = YES_ERROR;
				CLANG_WARN_DOCUMENTATION_COMMENTS = YES;
				CLANG_WARN_EMPTY_BODY = YES;
				CLANG_WARN_ENUM_CONVERSION = YES;
				CLANG_WARN_INFINITE_RECURSION = YES;
				CLANG_WARN_INT_CONVERSION = YES;
				CLANG_WARN_NON_LITERAL_NULL_CONVERSION = YES;
				CLANG_WARN_OBJC_IMPLICIT_RETAIN_SELF = YES;
				CLANG_WARN_OBJC_LITERAL_CONVERSION = YES;
				CLANG_WARN_OBJC_ROOT_CLASS = YES_ERROR;
				CLANG_WARN_QUOTED_INCLUDE_IN_FRAMEWORK_HEADER = YES;
				CLANG_WARN_RANGE_LOOP_ANALYSIS = YES;
				CLANG_WARN_STRICT_PROTOTYPES = YES;
				CLANG_WARN_SUSPICIOUS_MOVE = YES;
				CLANG_WARN_UNGUARDED_AVAILABILITY = YES_AGGRESSIVE;
				CLANG_WARN_UNREACHABLE_CODE = YES;
				CLANG_WARN__DUPLICATE_METHOD_MATCH = YES;
				COPY_PHASE_STRIP = NO;
				DEBUG_INFORMATION_FORMAT = "dwarf-with-dsym";
				ENABLE_NS_ASSERTIONS = NO;
				ENABLE_STRICT_OBJC_MSGSEND = YES;
				ENABLE_USER_SCRIPT_SANDBOXING = YES;
				GCC_C_LANGUAGE_STANDARD = gnu17;
				GCC_NO_COMMON_BLOCKS = YES;
				GCC_WARN_64_TO_32_BIT_CONVERSION = YES;
				GCC_WARN_ABOUT_RETURN_TYPE = YES_ERROR;
				GCC_WARN_UNDECLARED_SELECTOR = YES;
				GCC_WARN_UNINITIALIZED_AUTOS = YES_AGGRESSIVE;
				GCC_WARN_UNUSED_FUNCTION = YES;
				GCC_WARN_UNUSED_VARIABLE = YES;
				LOCALIZATION_PREFERS_STRING_CATALOGS = YES;
				MTL_ENABLE_DEBUG_INFO = NO;
				MTL_FAST_MATH = YES;
				SDKROOT = xros;
				SWIFT_COMPILATION_MODE = wholemodule;
				VALIDATE_PRODUCT = YES;
				XROS_DEPLOYMENT_TARGET = 1.2;
			};
			name = Release;
		};
		B40127ED2BFE7865009C4F5E /* Debug */ = {
			isa = XCBuildConfiguration;
			buildSettings = {
				ASSETCATALOG_COMPILER_APPICON_NAME = AppIcon;
				ASSETCATALOG_COMPILER_GLOBAL_ACCENT_COLOR_NAME = AccentColor;
				CODE_SIGN_STYLE = Automatic;
				CURRENT_PROJECT_VERSION = 1;
				DEVELOPMENT_ASSET_PATHS = "\"VisionOSPlayground/Preview Content\"";
				DEVELOPMENT_TEAM = 2WDNXC454C;
				ENABLE_PREVIEWS = YES;
				GENERATE_INFOPLIST_FILE = YES;
				INFOPLIST_FILE = "$(TARGET_NAME)/Info.plist";
				LD_RUNPATH_SEARCH_PATHS = (
					"$(inherited)",
					"@executable_path/Frameworks",
				);
				MARKETING_VERSION = 1.0;
				PRODUCT_BUNDLE_IDENTIFIER = com.SphereAR.VisionOSPlayground;
				PRODUCT_NAME = "$(TARGET_NAME)";
				SUPPORTED_PLATFORMS = "xros xrsimulator";
				SWIFT_EMIT_LOC_STRINGS = YES;
				SWIFT_VERSION = 5.0;
				TARGETED_DEVICE_FAMILY = "1,2,7";
			};
			name = Debug;
		};
		B40127EE2BFE7865009C4F5E /* Release */ = {
			isa = XCBuildConfiguration;
			buildSettings = {
				ASSETCATALOG_COMPILER_APPICON_NAME = AppIcon;
				ASSETCATALOG_COMPILER_GLOBAL_ACCENT_COLOR_NAME = AccentColor;
				CODE_SIGN_STYLE = Automatic;
				CURRENT_PROJECT_VERSION = 1;
				DEVELOPMENT_ASSET_PATHS = "\"VisionOSPlayground/Preview Content\"";
				DEVELOPMENT_TEAM = 2WDNXC454C;
				ENABLE_PREVIEWS = YES;
				GENERATE_INFOPLIST_FILE = YES;
				INFOPLIST_FILE = "$(TARGET_NAME)/Info.plist";
				LD_RUNPATH_SEARCH_PATHS = (
					"$(inherited)",
					"@executable_path/Frameworks",
				);
				MARKETING_VERSION = 1.0;
				PRODUCT_BUNDLE_IDENTIFIER = com.SphereAR.VisionOSPlayground;
				PRODUCT_NAME = "$(TARGET_NAME)";
				SUPPORTED_PLATFORMS = "xros xrsimulator";
				SWIFT_EMIT_LOC_STRINGS = YES;
				SWIFT_VERSION = 5.0;
				TARGETED_DEVICE_FAMILY = "1,2,7";
			};
			name = Release;
		};
		B40127F02BFE7865009C4F5E /* Debug */ = {
			isa = XCBuildConfiguration;
			buildSettings = {
				ALWAYS_EMBED_SWIFT_STANDARD_LIBRARIES = YES;
				BUNDLE_LOADER = "$(TEST_HOST)";
				CODE_SIGN_STYLE = Automatic;
				CURRENT_PROJECT_VERSION = 1;
				DEVELOPMENT_TEAM = 2WDNXC454C;
				GENERATE_INFOPLIST_FILE = YES;
				MARKETING_VERSION = 1.0;
				PRODUCT_BUNDLE_IDENTIFIER = com.SphereAR.VisionOSPlaygroundTests;
				PRODUCT_NAME = "$(TARGET_NAME)";
				SUPPORTED_PLATFORMS = "xros xrsimulator";
				SWIFT_EMIT_LOC_STRINGS = NO;
				SWIFT_VERSION = 5.0;
				TARGETED_DEVICE_FAMILY = "1,2,7";
				TEST_HOST = "$(BUILT_PRODUCTS_DIR)/VisionOSPlayground.app/$(BUNDLE_EXECUTABLE_FOLDER_PATH)/VisionOSPlayground";
				XROS_DEPLOYMENT_TARGET = 1.2;
			};
			name = Debug;
		};
		B40127F12BFE7865009C4F5E /* Release */ = {
			isa = XCBuildConfiguration;
			buildSettings = {
				ALWAYS_EMBED_SWIFT_STANDARD_LIBRARIES = YES;
				BUNDLE_LOADER = "$(TEST_HOST)";
				CODE_SIGN_STYLE = Automatic;
				CURRENT_PROJECT_VERSION = 1;
				DEVELOPMENT_TEAM = 2WDNXC454C;
				GENERATE_INFOPLIST_FILE = YES;
				MARKETING_VERSION = 1.0;
				PRODUCT_BUNDLE_IDENTIFIER = com.SphereAR.VisionOSPlaygroundTests;
				PRODUCT_NAME = "$(TARGET_NAME)";
				SUPPORTED_PLATFORMS = "xros xrsimulator";
				SWIFT_EMIT_LOC_STRINGS = NO;
				SWIFT_VERSION = 5.0;
				TARGETED_DEVICE_FAMILY = "1,2,7";
				TEST_HOST = "$(BUILT_PRODUCTS_DIR)/VisionOSPlayground.app/$(BUNDLE_EXECUTABLE_FOLDER_PATH)/VisionOSPlayground";
				XROS_DEPLOYMENT_TARGET = 1.2;
			};
			name = Release;
		};
/* End XCBuildConfiguration section */

/* Begin XCConfigurationList section */
		B40127C82BFE7864009C4F5E /* Build configuration list for PBXProject "VisionOSPlayground" */ = {
			isa = XCConfigurationList;
			buildConfigurations = (
				B40127EA2BFE7865009C4F5E /* Debug */,
				B40127EB2BFE7865009C4F5E /* Release */,
			);
			defaultConfigurationIsVisible = 0;
			defaultConfigurationName = Release;
		};
		B40127EC2BFE7865009C4F5E /* Build configuration list for PBXNativeTarget "VisionOSPlayground" */ = {
			isa = XCConfigurationList;
			buildConfigurations = (
				B40127ED2BFE7865009C4F5E /* Debug */,
				B40127EE2BFE7865009C4F5E /* Release */,
			);
			defaultConfigurationIsVisible = 0;
			defaultConfigurationName = Release;
		};
		B40127EF2BFE7865009C4F5E /* Build configuration list for PBXNativeTarget "VisionOSPlaygroundTests" */ = {
			isa = XCConfigurationList;
			buildConfigurations = (
				B40127F02BFE7865009C4F5E /* Debug */,
				B40127F12BFE7865009C4F5E /* Release */,
			);
			defaultConfigurationIsVisible = 0;
			defaultConfigurationName = Release;
		};
/* End XCConfigurationList section */

/* Begin XCSwiftPackageProductDependency section */
		B40127D22BFE7864009C4F5E /* RealityKitContent */ = {
			isa = XCSwiftPackageProductDependency;
			productName = RealityKitContent;
		};
/* End XCSwiftPackageProductDependency section */
	};
	rootObject = B40127C52BFE7864009C4F5E /* Project object */;
}
